<?xml version="1.0" encoding="utf-8"?>
<Project ToolsVersion="4.0" xmlns="http://schemas.microsoft.com/developer/msbuild/2003">
  <ItemGroup>
    <Filter Include="源文件">
      <UniqueIdentifier>{4FC737F1-C7A5-4376-A066-2A32D752A2FF}</UniqueIdentifier>
      <Extensions>cpp;c;cc;cxx;c++;cppm;ixx;def;odl;idl;hpj;bat;asm;asmx</Extensions>
    </Filter>
    <Filter Include="头文件">
      <UniqueIdentifier>{93995380-89BD-4b04-88EB-625FBE52EBFB}</UniqueIdentifier>
      <Extensions>h;hh;hpp;hxx;h++;hm;inl;inc;ipp;xsd</Extensions>
    </Filter>
    <Filter Include="资源文件">
      <UniqueIdentifier>{67DA6AB6-F800-4c08-8B7A-83BB121AAD01}</UniqueIdentifier>
      <Extensions>rc;ico;cur;bmp;dlg;rc2;rct;bin;rgs;gif;jpg;jpeg;jpe;resx;tiff;tif;png;wav;mfcribbon-ms</Extensions>
    </Filter>
    <Filter Include="源文件\Shader">
      <UniqueIdentifier>{54b893d0-c3dd-4957-94b6-a9df7020e5f0}</UniqueIdentifier>
    </Filter>
    <Filter Include="源文件\Test">
      <UniqueIdentifier>{30e7e7ed-24be-4154-8874-a5943613c3c1}</UniqueIdentifier>
    </Filter>
    <Filter Include="源文件\Test\FirstChapterCpp">
      <UniqueIdentifier>{65e1d6c6-8e47-4612-9bca-63520ec56ff7}</UniqueIdentifier>
    </Filter>
    <Filter Include="源文件\Shader\FirstChapterShader">
      <UniqueIdentifier>{bfd30790-0ab5-4580-9dc2-01b45564b448}</UniqueIdentifier>
    </Filter>
    <Filter Include="源文件\Shader\SecondChapterShader">
      <UniqueIdentifier>{e48ad9e4-0b7d-4eb3-bf47-7d17d46ac554}</UniqueIdentifier>
    </Filter>
    <Filter Include="源文件\Test\SecondChapterCpp">
      <UniqueIdentifier>{a8f12040-badd-4e7e-a3f9-06e1f6139d09}</UniqueIdentifier>
    </Filter>
    <Filter Include="源文件\Test\ThirdChapterCpp">
      <UniqueIdentifier>{342999d9-e85d-44b7-acec-5ad3834084e5}</UniqueIdentifier>
    </Filter>
    <Filter Include="源文件\Test\FourthChapterCpp">
      <UniqueIdentifier>{1e728afa-20cb-42ce-853e-6c3cfba14128}</UniqueIdentifier>
    </Filter>
    <Filter Include="源文件\Shader\FourthChapterShader">
      <UniqueIdentifier>{efdd2e6c-a93b-4351-bc96-88860d1c211a}</UniqueIdentifier>
    </Filter>
  </ItemGroup>
  <ItemGroup>
    <ClCompile Include="glad.c">
      <Filter>源文件</Filter>
    </ClCompile>
    <ClCompile Include="1.6_3D.cpp">
      <Filter>源文件\Test\FirstChapterCpp</Filter>
    </ClCompile>
    <ClCompile Include="1.7.cpp">
      <Filter>源文件\Test\FirstChapterCpp</Filter>
    </ClCompile>
    <ClCompile Include="1.4.cpp">
      <Filter>源文件\Test\FirstChapterCpp</Filter>
    </ClCompile>
    <ClCompile Include="2.1.cpp">
      <Filter>源文件\Test\SecondChapterCpp</Filter>
    </ClCompile>
    <ClCompile Include="2.3.cpp">
      <Filter>源文件\Test\SecondChapterCpp</Filter>
    </ClCompile>
    <ClCompile Include="2.4.cpp">
      <Filter>源文件\Test\SecondChapterCpp</Filter>
    </ClCompile>
    <ClCompile Include="1.3shader.cpp">
      <Filter>源文件\Test\FirstChapterCpp</Filter>
    </ClCompile>
    <ClCompile Include="2.5.cpp">
      <Filter>源文件\Test\SecondChapterCpp</Filter>
    </ClCompile>
    <ClCompile Include="2.6.cpp">
      <Filter>源文件\Test\SecondChapterCpp</Filter>
    </ClCompile>
    <ClCompile Include="3.3model.cpp">
      <Filter>源文件\Test\ThirdChapterCpp</Filter>
    </ClCompile>
    <ClCompile Include="DepthStencil.cpp">
      <Filter>源文件\Test\FourthChapterCpp</Filter>
    </ClCompile>
    <ClCompile Include="Blending_grass.cpp">
      <Filter>源文件\Test\FourthChapterCpp</Filter>
    </ClCompile>
    <ClCompile Include="blending_window.cpp">
      <Filter>源文件\Test\FourthChapterCpp</Filter>
    </ClCompile>
    <ClCompile Include="Face_culling.cpp">
      <Filter>源文件\Test\FourthChapterCpp</Filter>
    </ClCompile>
    <ClCompile Include="Framebuffers.cpp">
      <Filter>源文件\Test\FourthChapterCpp</Filter>
    </ClCompile>
  </ItemGroup>
  <ItemGroup>
    <ClInclude Include="Shader.h">
      <Filter>头文件</Filter>
    </ClInclude>
    <ClInclude Include="stb_image.h">
      <Filter>头文件</Filter>
    </ClInclude>
    <ClInclude Include="Camera.h">
      <Filter>头文件</Filter>
    </ClInclude>
    <ClInclude Include="Mesh.h">
      <Filter>头文件</Filter>
    </ClInclude>
    <ClInclude Include="Model.h">
      <Filter>头文件</Filter>
    </ClInclude>
    <ClInclude Include="4.2stencil_vertex.txt">
      <Filter>源文件\Shader\FourthChapterShader</Filter>
    </ClInclude>
  </ItemGroup>
  <ItemGroup>
    <Text Include="1.4.1fragment.txt">
      <Filter>源文件\Shader\FirstChapterShader</Filter>
    </Text>
    <Text Include="1.5vertex.txt">
      <Filter>源文件\Shader\FirstChapterShader</Filter>
    </Text>
    <Text Include="1.6fragment.txt">
      <Filter>源文件\Shader\FirstChapterShader</Filter>
    </Text>
    <Text Include="1.6vertex.txt">
      <Filter>源文件\Shader\FirstChapterShader</Filter>
    </Text>
    <Text Include="fragmentSource.txt">
      <Filter>源文件\Shader\FirstChapterShader</Filter>
    </Text>
    <Text Include="vertexSource.txt">
      <Filter>源文件\Shader\FirstChapterShader</Filter>
    </Text>
    <Text Include="2.1fragment.txt">
      <Filter>源文件\Shader\SecondChapterShader</Filter>
    </Text>
    <Text Include="2.1vertex.txt">
      <Filter>源文件\Shader\SecondChapterShader</Filter>
    </Text>
    <Text Include="2.1lightVertex.txt">
      <Filter>源文件\Shader\SecondChapterShader</Filter>
    </Text>
    <Text Include="2.1lightFragment.txt">
      <Filter>源文件\Shader\SecondChapterShader</Filter>
    </Text>
    <Text Include="2.3fragment.txt">
      <Filter>源文件\Shader\SecondChapterShader</Filter>
    </Text>
    <Text Include="2.4fragment.txt">
      <Filter>源文件\Shader\SecondChapterShader</Filter>
    </Text>
    <Text Include="2.4vertex.txt">
      <Filter>源文件\Shader\SecondChapterShader</Filter>
    </Text>
    <Text Include="1.3vertex.txt">
      <Filter>源文件\Shader\FirstChapterShader</Filter>
    </Text>
    <Text Include="1.3fragment.txt">
      <Filter>源文件\Shader\FirstChapterShader</Filter>
    </Text>
    <Text Include="2.5vertex.txt">
      <Filter>源文件\Shader\SecondChapterShader</Filter>
    </Text>
    <Text Include="Directional_Light.txt">
      <Filter>源文件\Shader\SecondChapterShader</Filter>
    </Text>
    <Text Include="Point_Light.txt">
      <Filter>源文件\Shader\SecondChapterShader</Filter>
    </Text>
    <Text Include="Spotlight.txt">
      <Filter>源文件\Shader\SecondChapterShader</Filter>
    </Text>
    <Text Include="SpotlightUp.txt">
      <Filter>源文件\Shader\SecondChapterShader</Filter>
    </Text>
    <Text Include="2.6fragment.txt">
      <Filter>源文件\Shader\SecondChapterShader</Filter>
    </Text>
    <Text Include="4.2singlefragment.txt">
      <Filter>源文件\Shader\FourthChapterShader</Filter>
    </Text>
    <Text Include="4.5FrameBuffers_screen_fragment.txt">
      <Filter>源文件\Shader\FourthChapterShader</Filter>
    </Text>
    <Text Include="4.5FrameBuffers_screen_vertex.txt">
      <Filter>源文件\Shader\FourthChapterShader</Filter>
    </Text>
  </ItemGroup>
  <ItemGroup>
    <None Include="4.2stencil_fragment.txt">
      <Filter>源文件\Shader\FourthChapterShader</Filter>
    </None>
  </ItemGroup>
</Project>